{
  "pins" : [
    {
      "identity" : "swift-argument-parser",
      "kind" : "remoteSourceControl",
      "location" : "https://github.com/apple/swift-argument-parser",
      "state" : {
        "branch" : "main",
        "revision" : "81ac87218685126f8ce971c025b68c2883bfa818"
      }
    },
    {
      "identity" : "swift-shared-kit",
      "kind" : "remoteSourceControl",
      "location" : "https://github.com/nathanborror/swift-shared-kit",
      "state" : {
        "branch" : "main",
        "revision" : "2422d3c4c0717f0ee1fea8a67abbc3584d67f779"
      }
    }
  ],
  "version" : 2
}
